<Solution>
  <Configurations>
    <Platform Name="ARM64" />
    <Platform Name="x64" />
    <Platform Name="x86" />
  </Configurations>
  <Project Path="NovaDrive.Common/NovaDrive.Common.csproj" />
  <Project Path="NovaDrive.Libs/NovaDrive.Libs.csproj" />
  <Project Path="NovaDrive/NovaDrive.csproj">
    <Platform Solution="*|ARM64" Project="ARM64" />
    <Platform Solution="*|x64" Project="x64" />
    <Platform Solution="*|x86" Project="x86" />
    <Deploy />
  </Project>
</Solution>
